// !$*UTF8*$!
{
	archiveVersion = 1;
	classes = {
	};
	objectVersion = 50;
	objects = {

/* Begin PBXBuildFile section */
		466ABD88BC68C22C6175A1BB /* libPods-Whisper.a in Frameworks */ = {isa = PBXBuildFile; fileRef = BA2B41A9CADB039E4143650B /* libPods-Whisper.a */; };
		FA126F052492225600ED7FE6 /* ContextService.swift in Sources */ = {isa = PBXBuildFile; fileRef = FA126F042492225600ED7FE6 /* ContextService.swift */; };
		FA126F072492275C00ED7FE6 /* ContextModel.swift in Sources */ = {isa = PBXBuildFile; fileRef = FA126F062492275C00ED7FE6 /* ContextModel.swift */; };
		FA126F09249227EC00ED7FE6 /* UserModel.swift in Sources */ = {isa = PBXBuildFile; fileRef = FA126F08249227EC00ED7FE6 /* UserModel.swift */; };
		FA126F0C2492293B00ED7FE6 /* ConfigModel.swift in Sources */ = {isa = PBXBuildFile; fileRef = FA126F0B2492293B00ED7FE6 /* ConfigModel.swift */; };
		FA126F0F24922AAE00ED7FE6 /* CurMusicModel.swift in Sources */ = {isa = PBXBuildFile; fileRef = FA126F0E24922AAE00ED7FE6 /* CurMusicModel.swift */; };
		FA126F112493014A00ED7FE6 /* Utility.swift in Sources */ = {isa = PBXBuildFile; fileRef = FA126F102493014A00ED7FE6 /* Utility.swift */; };
		FA126F182493166100ED7FE6 /* PathService.swift in Sources */ = {isa = PBXBuildFile; fileRef = FA126F172493166100ED7FE6 /* PathService.swift */; };
		FA4DD10024CC097600C44D5E /* WhisperPlayer.swift in Sources */ = {isa = PBXBuildFile; fileRef = FA4DD0FF24CC097600C44D5E /* WhisperPlayer.swift */; };
		FA4DD10724CECCDF00C44D5E /* HttpService.swift in Sources */ = {isa = PBXBuildFile; fileRef = FA4DD10624CECCDF00C44D5E /* HttpService.swift */; };
		FA5A312224D553E500CC7A91 /* RecomService.swift in Sources */ = {isa = PBXBuildFile; fileRef = FA5A312124D553E500CC7A91 /* RecomService.swift */; };
		FA76EC1424C0249500BFE74B /* WhisperPlayerView.swift in Sources */ = {isa = PBXBuildFile; fileRef = FA76EC1324C0249500BFE74B /* WhisperPlayerView.swift */; };
		FA91281424D410B8000691E7 /* SheetBigView.swift in Sources */ = {isa = PBXBuildFile; fileRef = FA91281324D410B8000691E7 /* SheetBigView.swift */; };
		FA91281624D531B1000691E7 /* SheetBannerView.swift in Sources */ = {isa = PBXBuildFile; fileRef = FA91281524D531B1000691E7 /* SheetBannerView.swift */; };
		FA9500B924975BD30078A8CB /* MySheets.swift in Sources */ = {isa = PBXBuildFile; fileRef = FA9500B824975BD30078A8CB /* MySheets.swift */; };
		FA9500BB24975F2F0078A8CB /* SheetBlockView.swift in Sources */ = {isa = PBXBuildFile; fileRef = FA9500BA24975F2F0078A8CB /* SheetBlockView.swift */; };
		FA99F49024D824A100FBFE61 /* SheetRecomView.swift in Sources */ = {isa = PBXBuildFile; fileRef = FA99F48F24D824A100FBFE61 /* SheetRecomView.swift */; };
		FAA028E62490C9D000C25D0F /* AppDelegate.swift in Sources */ = {isa = PBXBuildFile; fileRef = FAA028E52490C9D000C25D0F /* AppDelegate.swift */; };
		FAA028E82490C9D000C25D0F /* SceneDelegate.swift in Sources */ = {isa = PBXBuildFile; fileRef = FAA028E72490C9D000C25D0F /* SceneDelegate.swift */; };
		FAA028EA2490C9D000C25D0F /* RecomView.swift in Sources */ = {isa = PBXBuildFile; fileRef = FAA028E92490C9D000C25D0F /* RecomView.swift */; };
		FAA028EC2490C9D200C25D0F /* Assets.xcassets in Resources */ = {isa = PBXBuildFile; fileRef = FAA028EB2490C9D200C25D0F /* Assets.xcassets */; };
		FAA028EF2490C9D200C25D0F /* Preview Assets.xcassets in Resources */ = {isa = PBXBuildFile; fileRef = FAA028EE2490C9D200C25D0F /* Preview Assets.xcassets */; };
		FAA028F22490C9D200C25D0F /* LaunchScreen.storyboard in Resources */ = {isa = PBXBuildFile; fileRef = FAA028F02490C9D200C25D0F /* LaunchScreen.storyboard */; };
		FAA028FD2490C9D200C25D0F /* WhisperTests.swift in Sources */ = {isa = PBXBuildFile; fileRef = FAA028FC2490C9D200C25D0F /* WhisperTests.swift */; };
		FAA029082490C9D200C25D0F /* WhisperUITests.swift in Sources */ = {isa = PBXBuildFile; fileRef = FAA029072490C9D200C25D0F /* WhisperUITests.swift */; };
		FAA35BB4249B5C7A005C5B7E /* MainTabView.swift in Sources */ = {isa = PBXBuildFile; fileRef = FAA35BB3249B5C7A005C5B7E /* MainTabView.swift */; };
		FAA35BDB249B8765005C5B7E /* IconTextView.swift in Sources */ = {isa = PBXBuildFile; fileRef = FAA35BDA249B8765005C5B7E /* IconTextView.swift */; };
		FAA35BDE249BA15B005C5B7E /* iconfont.ttf in Resources */ = {isa = PBXBuildFile; fileRef = FAA35BDD249BA149005C5B7E /* iconfont.ttf */; };
		FABAB6D52490E93100A79CD3 /* SheetInfoView.swift in Sources */ = {isa = PBXBuildFile; fileRef = FABAB6D42490E93100A79CD3 /* SheetInfoView.swift */; };
		FABAB6D8249103F600A79CD3 /* MusicModel.swift in Sources */ = {isa = PBXBuildFile; fileRef = FABAB6D7249103F600A79CD3 /* MusicModel.swift */; };
		FABAB6DA24910AC200A79CD3 /* SheetModel.swift in Sources */ = {isa = PBXBuildFile; fileRef = FABAB6D924910AC200A79CD3 /* SheetModel.swift */; };
		FAD1D2FE249CBD59004D4C66 /* BlurView.swift in Sources */ = {isa = PBXBuildFile; fileRef = FAD1D2FD249CBD59004D4C66 /* BlurView.swift */; };
		FAE2AC6E2498E56900703ADD /* WebImageView.swift in Sources */ = {isa = PBXBuildFile; fileRef = FAE2AC6D2498E56900703ADD /* WebImageView.swift */; };
		FAE2AC702499BDD900703ADD /* MyView.swift in Sources */ = {isa = PBXBuildFile; fileRef = FAE2AC6F2499BDD900703ADD /* MyView.swift */; };
		FAE2AC742499C02500703ADD /* SheetBarView.swift in Sources */ = {isa = PBXBuildFile; fileRef = FAE2AC732499C02500703ADD /* SheetBarView.swift */; };
		FAEC37FF2493571900F88DB4 /* public.xcassets in Resources */ = {isa = PBXBuildFile; fileRef = FAEC37FE2493571900F88DB4 /* public.xcassets */; };
		FAEE0069249362A100B271C9 /* SheetItem.swift in Sources */ = {isa = PBXBuildFile; fileRef = FAEE0068249362A100B271C9 /* SheetItem.swift */; };
		FAEE006B2493745400B271C9 /* SheetCover.swift in Sources */ = {isa = PBXBuildFile; fileRef = FAEE006A2493745400B271C9 /* SheetCover.swift */; };
		FAEE2CDE249879250082E1D5 /* WelcomeView.swift in Sources */ = {isa = PBXBuildFile; fileRef = FAEE2CDD249879250082E1D5 /* WelcomeView.swift */; };
/* End PBXBuildFile section */

/* Begin PBXContainerItemProxy section */
		FAA028F92490C9D200C25D0F /* PBXContainerItemProxy */ = {
			isa = PBXContainerItemProxy;
			containerPortal = FAA028DA2490C9D000C25D0F /* Project object */;
			proxyType = 1;
			remoteGlobalIDString = FAA028E12490C9D000C25D0F;
			remoteInfo = Whisper;
		};
		FAA029042490C9D200C25D0F /* PBXContainerItemProxy */ = {
			isa = PBXContainerItemProxy;
			containerPortal = FAA028DA2490C9D000C25D0F /* Project object */;
			proxyType = 1;
			remoteGlobalIDString = FAA028E12490C9D000C25D0F;
			remoteInfo = Whisper;
		};
/* End PBXContainerItemProxy section */

/* Begin PBXFileReference section */
		6D7369DE4DAB711B177E34CE /* Pods-Whisper.release.xcconfig */ = {isa = PBXFileReference; includeInIndex = 1; lastKnownFileType = text.xcconfig; name = "Pods-Whisper.release.xcconfig"; path = "Target Support Files/Pods-Whisper/Pods-Whisper.release.xcconfig"; sourceTree = "<group>"; };
		A933C793A0F5538945B90B4C /* Pods-Whisper.debug.xcconfig */ = {isa = PBXFileReference; includeInIndex = 1; lastKnownFileType = text.xcconfig; name = "Pods-Whisper.debug.xcconfig"; path = "Target Support Files/Pods-Whisper/Pods-Whisper.debug.xcconfig"; sourceTree = "<group>"; };
		BA2B41A9CADB039E4143650B /* libPods-Whisper.a */ = {isa = PBXFileReference; explicitFileType = archive.ar; includeInIndex = 0; path = "libPods-Whisper.a"; sourceTree = BUILT_PRODUCTS_DIR; };
		FA126F042492225600ED7FE6 /* ContextService.swift */ = {isa = PBXFileReference; lastKnownFileType = sourcecode.swift; path = ContextService.swift; sourceTree = "<group>"; };
		FA126F062492275C00ED7FE6 /* ContextModel.swift */ = {isa = PBXFileReference; lastKnownFileType = sourcecode.swift; path = ContextModel.swift; sourceTree = "<group>"; };
		FA126F08249227EC00ED7FE6 /* UserModel.swift */ = {isa = PBXFileReference; lastKnownFileType = sourcecode.swift; path = UserModel.swift; sourceTree = "<group>"; };
		FA126F0B2492293B00ED7FE6 /* ConfigModel.swift */ = {isa = PBXFileReference; lastKnownFileType = sourcecode.swift; path = ConfigModel.swift; sourceTree = "<group>"; };
		FA126F0E24922AAE00ED7FE6 /* CurMusicModel.swift */ = {isa = PBXFileReference; lastKnownFileType = sourcecode.swift; path = CurMusicModel.swift; sourceTree = "<group>"; };
		FA126F102493014A00ED7FE6 /* Utility.swift */ = {isa = PBXFileReference; lastKnownFileType = sourcecode.swift; path = Utility.swift; sourceTree = "<group>"; };
		FA126F172493166100ED7FE6 /* PathService.swift */ = {isa = PBXFileReference; lastKnownFileType = sourcecode.swift; path = PathService.swift; sourceTree = "<group>"; };
		FA4DD0FF24CC097600C44D5E /* WhisperPlayer.swift */ = {isa = PBXFileReference; lastKnownFileType = sourcecode.swift; path = WhisperPlayer.swift; sourceTree = "<group>"; };
		FA4DD10624CECCDF00C44D5E /* HttpService.swift */ = {isa = PBXFileReference; lastKnownFileType = sourcecode.swift; path = HttpService.swift; sourceTree = "<group>"; };
		FA5A312124D553E500CC7A91 /* RecomService.swift */ = {isa = PBXFileReference; lastKnownFileType = sourcecode.swift; path = RecomService.swift; sourceTree = "<group>"; };
		FA76EC1324C0249500BFE74B /* WhisperPlayerView.swift */ = {isa = PBXFileReference; lastKnownFileType = sourcecode.swift; path = WhisperPlayerView.swift; sourceTree = "<group>"; };
		FA91281324D410B8000691E7 /* SheetBigView.swift */ = {isa = PBXFileReference; lastKnownFileType = sourcecode.swift; path = SheetBigView.swift; sourceTree = "<group>"; };
		FA91281524D531B1000691E7 /* SheetBannerView.swift */ = {isa = PBXFileReference; lastKnownFileType = sourcecode.swift; path = SheetBannerView.swift; sourceTree = "<group>"; };
		FA9500B824975BD30078A8CB /* MySheets.swift */ = {isa = PBXFileReference; lastKnownFileType = sourcecode.swift; path = MySheets.swift; sourceTree = "<group>"; };
		FA9500BA24975F2F0078A8CB /* SheetBlockView.swift */ = {isa = PBXFileReference; lastKnownFileType = sourcecode.swift; path = SheetBlockView.swift; sourceTree = "<group>"; };
		FA99F48F24D824A100FBFE61 /* SheetRecomView.swift */ = {isa = PBXFileReference; lastKnownFileType = sourcecode.swift; path = SheetRecomView.swift; sourceTree = "<group>"; };
		FAA028E22490C9D000C25D0F /* Whisper.app */ = {isa = PBXFileReference; explicitFileType = wrapper.application; includeInIndex = 0; path = Whisper.app; sourceTree = BUILT_PRODUCTS_DIR; };
		FAA028E52490C9D000C25D0F /* AppDelegate.swift */ = {isa = PBXFileReference; lastKnownFileType = sourcecode.swift; path = AppDelegate.swift; sourceTree = "<group>"; };
		FAA028E72490C9D000C25D0F /* SceneDelegate.swift */ = {isa = PBXFileReference; lastKnownFileType = sourcecode.swift; path = SceneDelegate.swift; sourceTree = "<group>"; };
		FAA028E92490C9D000C25D0F /* RecomView.swift */ = {isa = PBXFileReference; lastKnownFileType = sourcecode.swift; path = RecomView.swift; sourceTree = "<group>"; };
		FAA028EB2490C9D200C25D0F /* Assets.xcassets */ = {isa = PBXFileReference; lastKnownFileType = folder.assetcatalog; path = Assets.xcassets; sourceTree = "<group>"; };
		FAA028EE2490C9D200C25D0F /* Preview Assets.xcassets */ = {isa = PBXFileReference; lastKnownFileType = folder.assetcatalog; path = "Preview Assets.xcassets"; sourceTree = "<group>"; };
		FAA028F12490C9D200C25D0F /* Base */ = {isa = PBXFileReference; lastKnownFileType = file.storyboard; name = Base; path = Base.lproj/LaunchScreen.storyboard; sourceTree = "<group>"; };
		FAA028F32490C9D200C25D0F /* Info.plist */ = {isa = PBXFileReference; lastKnownFileType = text.plist.xml; path = Info.plist; sourceTree = "<group>"; };
		FAA028F82490C9D200C25D0F /* WhisperTests.xctest */ = {isa = PBXFileReference; explicitFileType = wrapper.cfbundle; includeInIndex = 0; path = WhisperTests.xctest; sourceTree = BUILT_PRODUCTS_DIR; };
		FAA028FC2490C9D200C25D0F /* WhisperTests.swift */ = {isa = PBXFileReference; lastKnownFileType = sourcecode.swift; path = WhisperTests.swift; sourceTree = "<group>"; };
		FAA028FE2490C9D200C25D0F /* Info.plist */ = {isa = PBXFileReference; lastKnownFileType = text.plist.xml; path = Info.plist; sourceTree = "<group>"; };
		FAA029032490C9D200C25D0F /* WhisperUITests.xctest */ = {isa = PBXFileReference; explicitFileType = wrapper.cfbundle; includeInIndex = 0; path = WhisperUITests.xctest; sourceTree = BUILT_PRODUCTS_DIR; };
		FAA029072490C9D200C25D0F /* WhisperUITests.swift */ = {isa = PBXFileReference; lastKnownFileType = sourcecode.swift; path = WhisperUITests.swift; sourceTree = "<group>"; };
		FAA029092490C9D200C25D0F /* Info.plist */ = {isa = PBXFileReference; lastKnownFileType = text.plist.xml; path = Info.plist; sourceTree = "<group>"; };
		FAA35BB3249B5C7A005C5B7E /* MainTabView.swift */ = {isa = PBXFileReference; lastKnownFileType = sourcecode.swift; path = MainTabView.swift; sourceTree = "<group>"; };
		FAA35BDA249B8765005C5B7E /* IconTextView.swift */ = {isa = PBXFileReference; lastKnownFileType = sourcecode.swift; path = IconTextView.swift; sourceTree = "<group>"; };
		FAA35BDD249BA149005C5B7E /* iconfont.ttf */ = {isa = PBXFileReference; lastKnownFileType = file; path = iconfont.ttf; sourceTree = "<group>"; };
		FABAB6D42490E93100A79CD3 /* SheetInfoView.swift */ = {isa = PBXFileReference; lastKnownFileType = sourcecode.swift; path = SheetInfoView.swift; sourceTree = "<group>"; };
		FABAB6D7249103F600A79CD3 /* MusicModel.swift */ = {isa = PBXFileReference; lastKnownFileType = sourcecode.swift; path = MusicModel.swift; sourceTree = "<group>"; };
		FABAB6D924910AC200A79CD3 /* SheetModel.swift */ = {isa = PBXFileReference; lastKnownFileType = sourcecode.swift; path = SheetModel.swift; sourceTree = "<group>"; };
		FAD1D2FD249CBD59004D4C66 /* BlurView.swift */ = {isa = PBXFileReference; lastKnownFileType = sourcecode.swift; path = BlurView.swift; sourceTree = "<group>"; };
		FAE2AC6D2498E56900703ADD /* WebImageView.swift */ = {isa = PBXFileReference; lastKnownFileType = sourcecode.swift; path = WebImageView.swift; sourceTree = "<group>"; };
		FAE2AC6F2499BDD900703ADD /* MyView.swift */ = {isa = PBXFileReference; lastKnownFileType = sourcecode.swift; path = MyView.swift; sourceTree = "<group>"; };
		FAE2AC732499C02500703ADD /* SheetBarView.swift */ = {isa = PBXFileReference; lastKnownFileType = sourcecode.swift; path = SheetBarView.swift; sourceTree = "<group>"; };
		FAEC37FE2493571900F88DB4 /* public.xcassets */ = {isa = PBXFileReference; lastKnownFileType = folder.assetcatalog; path = public.xcassets; sourceTree = "<group>"; };
		FAEE0068249362A100B271C9 /* SheetItem.swift */ = {isa = PBXFileReference; lastKnownFileType = sourcecode.swift; path = SheetItem.swift; sourceTree = "<group>"; };
		FAEE006A2493745400B271C9 /* SheetCover.swift */ = {isa = PBXFileReference; lastKnownFileType = sourcecode.swift; path = SheetCover.swift; sourceTree = "<group>"; };
		FAEE2CDD249879250082E1D5 /* WelcomeView.swift */ = {isa = PBXFileReference; lastKnownFileType = sourcecode.swift; path = WelcomeView.swift; sourceTree = "<group>"; };
/* End PBXFileReference section */

/* Begin PBXFrameworksBuildPhase section */
		FAA028DF2490C9D000C25D0F /* Frameworks */ = {
			isa = PBXFrameworksBuildPhase;
			buildActionMask = 2147483647;
			files = (
				466ABD88BC68C22C6175A1BB /* libPods-Whisper.a in Frameworks */,
			);
			runOnlyForDeploymentPostprocessing = 0;
		};
		FAA028F52490C9D200C25D0F /* Frameworks */ = {
			isa = PBXFrameworksBuildPhase;
			buildActionMask = 2147483647;
			files = (
			);
			runOnlyForDeploymentPostprocessing = 0;
		};
		FAA029002490C9D200C25D0F /* Frameworks */ = {
			isa = PBXFrameworksBuildPhase;
			buildActionMask = 2147483647;
			files = (
			);
			runOnlyForDeploymentPostprocessing = 0;
		};
/* End PBXFrameworksBuildPhase section */

/* Begin PBXGroup section */
		4D41A8156CC03A6391EB0938 /* Pods */ = {
			isa = PBXGroup;
			children = (
				A933C793A0F5538945B90B4C /* Pods-Whisper.debug.xcconfig */,
				6D7369DE4DAB711B177E34CE /* Pods-Whisper.release.xcconfig */,
			);
			path = Pods;
			sourceTree = "<group>";
		};
		F4E4BFDEF3FCFC307F85BF30 /* Frameworks */ = {
			isa = PBXGroup;
			children = (
				BA2B41A9CADB039E4143650B /* libPods-Whisper.a */,
			);
			name = Frameworks;
			sourceTree = "<group>";
		};
		FA126F032492222300ED7FE6 /* Service */ = {
			isa = PBXGroup;
			children = (
				FA4DD10824CEDA3400C44D5E /* HttpService */,
				FA126F042492225600ED7FE6 /* ContextService.swift */,
				FA126F102493014A00ED7FE6 /* Utility.swift */,
				FA126F172493166100ED7FE6 /* PathService.swift */,
				FA5A312124D553E500CC7A91 /* RecomService.swift */,
			);
			path = Service;
			sourceTree = "<group>";
		};
		FA126F0A249228EC00ED7FE6 /* MusicModels */ = {
			isa = PBXGroup;
			children = (
				FABAB6D7249103F600A79CD3 /* MusicModel.swift */,
			);
			path = MusicModels;
			sourceTree = "<group>";
		};
		FA126F0D24922A8D00ED7FE6 /* SheetModels */ = {
			isa = PBXGroup;
			children = (
				FABAB6D924910AC200A79CD3 /* SheetModel.swift */,
			);
			path = SheetModels;
			sourceTree = "<group>";
		};
		FA4DD0FA24C1AD9D00C44D5E /* Player */ = {
			isa = PBXGroup;
			children = (
				FA4DD0FF24CC097600C44D5E /* WhisperPlayer.swift */,
			);
			path = Player;
			sourceTree = "<group>";
		};
		FA4DD10124CC10EB00C44D5E /* UserDataModels */ = {
			isa = PBXGroup;
			children = (
				FA126F062492275C00ED7FE6 /* ContextModel.swift */,
				FA126F08249227EC00ED7FE6 /* UserModel.swift */,
				FA126F0B2492293B00ED7FE6 /* ConfigModel.swift */,
				FA126F0E24922AAE00ED7FE6 /* CurMusicModel.swift */,
			);
			path = UserDataModels;
			sourceTree = "<group>";
		};
		FA4DD10824CEDA3400C44D5E /* HttpService */ = {
			isa = PBXGroup;
			children = (
				FA4DD10624CECCDF00C44D5E /* HttpService.swift */,
			);
			path = HttpService;
			sourceTree = "<group>";
		};
		FA76EC1224C0247200BFE74B /* PlayerView */ = {
			isa = PBXGroup;
			children = (
				FA76EC1324C0249500BFE74B /* WhisperPlayerView.swift */,
			);
			path = PlayerView;
			sourceTree = "<group>";
		};
		FA91281724D546F8000691E7 /* Recom */ = {
			isa = PBXGroup;
			children = (
				FA99F48F24D824A100FBFE61 /* SheetRecomView.swift */,
				FA91281524D531B1000691E7 /* SheetBannerView.swift */,
				FA91281324D410B8000691E7 /* SheetBigView.swift */,
			);
			path = Recom;
			sourceTree = "<group>";
		};
		FAA028D92490C9D000C25D0F = {
			isa = PBXGroup;
			children = (
				FAA028E42490C9D000C25D0F /* Whisper */,
				FAA028FB2490C9D200C25D0F /* WhisperTests */,
				FAA029062490C9D200C25D0F /* WhisperUITests */,
				FAA028E32490C9D000C25D0F /* Products */,
				4D41A8156CC03A6391EB0938 /* Pods */,
				F4E4BFDEF3FCFC307F85BF30 /* Frameworks */,
			);
			sourceTree = "<group>";
		};
		FAA028E32490C9D000C25D0F /* Products */ = {
			isa = PBXGroup;
			children = (
				FAA028E22490C9D000C25D0F /* Whisper.app */,
				FAA028F82490C9D200C25D0F /* WhisperTests.xctest */,
				FAA029032490C9D200C25D0F /* WhisperUITests.xctest */,
			);
			name = Products;
			sourceTree = "<group>";
		};
		FAA028E42490C9D000C25D0F /* Whisper */ = {
			isa = PBXGroup;
			children = (
				FAA028E52490C9D000C25D0F /* AppDelegate.swift */,
				FAA028E72490C9D000C25D0F /* SceneDelegate.swift */,
				FAA028EB2490C9D200C25D0F /* Assets.xcassets */,
				FAA028F02490C9D200C25D0F /* LaunchScreen.storyboard */,
				FAA028F32490C9D200C25D0F /* Info.plist */,
				FAA35BC5249B713A005C5B7E /* Iconfont */,
				FABAB6D32490E28B00A79CD3 /* Views */,
				FA4DD0FA24C1AD9D00C44D5E /* Player */,
				FA126F032492222300ED7FE6 /* Service */,
				FABAB6D62490ECB700A79CD3 /* Models */,
				FAEC37FD249356C900F88DB4 /* Resource */,
				FAA028ED2490C9D200C25D0F /* Preview Content */,
			);
			path = Whisper;
			sourceTree = "<group>";
		};
		FAA028ED2490C9D200C25D0F /* Preview Content */ = {
			isa = PBXGroup;
			children = (
				FAA028EE2490C9D200C25D0F /* Preview Assets.xcassets */,
			);
			path = "Preview Content";
			sourceTree = "<group>";
		};
		FAA028FB2490C9D200C25D0F /* WhisperTests */ = {
			isa = PBXGroup;
			children = (
				FAA028FC2490C9D200C25D0F /* WhisperTests.swift */,
				FAA028FE2490C9D200C25D0F /* Info.plist */,
			);
			path = WhisperTests;
			sourceTree = "<group>";
		};
		FAA029062490C9D200C25D0F /* WhisperUITests */ = {
			isa = PBXGroup;
			children = (
				FAA029072490C9D200C25D0F /* WhisperUITests.swift */,
				FAA029092490C9D200C25D0F /* Info.plist */,
			);
			path = WhisperUITests;
			sourceTree = "<group>";
		};
		FAA35BC5249B713A005C5B7E /* Iconfont */ = {
			isa = PBXGroup;
			children = (
				FAA35BDD249BA149005C5B7E /* iconfont.ttf */,
			);
			path = Iconfont;
			sourceTree = "<group>";
		};
		FABAB6D32490E28B00A79CD3 /* Views */ = {
			isa = PBXGroup;
			children = (
				FAE2AC6C2498E54F00703ADD /* CommonViews */,
				FAEE2CDC24986FBD0082E1D5 /* Welcome */,
				FAE2AC712499BEA000703ADD /* Main */,
				FA76EC1224C0247200BFE74B /* PlayerView */,
				FAEE00672493627C00B271C9 /* Sheet */,
				FAE2AC722499BED200703ADD /* Music */,
			);
			path = Views;
			sourceTree = "<group>";
		};
		FABAB6D62490ECB700A79CD3 /* Models */ = {
			isa = PBXGroup;
			children = (
				FA4DD10124CC10EB00C44D5E /* UserDataModels */,
				FA126F0D24922A8D00ED7FE6 /* SheetModels */,
				FA126F0A249228EC00ED7FE6 /* MusicModels */,
			);
			path = Models;
			sourceTree = "<group>";
		};
		FAE2AC6C2498E54F00703ADD /* CommonViews */ = {
			isa = PBXGroup;
			children = (
				FAE2AC6D2498E56900703ADD /* WebImageView.swift */,
				FAA35BDA249B8765005C5B7E /* IconTextView.swift */,
				FAD1D2FD249CBD59004D4C66 /* BlurView.swift */,
			);
			path = CommonViews;
			sourceTree = "<group>";
		};
		FAE2AC712499BEA000703ADD /* Main */ = {
			isa = PBXGroup;
			children = (
				FAA35BB3249B5C7A005C5B7E /* MainTabView.swift */,
				FA9500B824975BD30078A8CB /* MySheets.swift */,
				FAA028E92490C9D000C25D0F /* RecomView.swift */,
				FAE2AC6F2499BDD900703ADD /* MyView.swift */,
			);
			path = Main;
			sourceTree = "<group>";
		};
		FAE2AC722499BED200703ADD /* Music */ = {
			isa = PBXGroup;
			children = (
			);
			path = Music;
			sourceTree = "<group>";
		};
		FAEC37FD249356C900F88DB4 /* Resource */ = {
			isa = PBXGroup;
			children = (
				FAEC37FE2493571900F88DB4 /* public.xcassets */,
			);
			path = Resource;
			sourceTree = "<group>";
		};
		FAEE00672493627C00B271C9 /* Sheet */ = {
			isa = PBXGroup;
			children = (
				FA91281724D546F8000691E7 /* Recom */,
				FABAB6D42490E93100A79CD3 /* SheetInfoView.swift */,
				FA9500BA24975F2F0078A8CB /* SheetBlockView.swift */,
				FAE2AC732499C02500703ADD /* SheetBarView.swift */,
				FAEE006A2493745400B271C9 /* SheetCover.swift */,
				FAEE0068249362A100B271C9 /* SheetItem.swift */,
			);
			path = Sheet;
			sourceTree = "<group>";
		};
		FAEE2CDC24986FBD0082E1D5 /* Welcome */ = {
			isa = PBXGroup;
			children = (
				FAEE2CDD249879250082E1D5 /* WelcomeView.swift */,
			);
			path = Welcome;
			sourceTree = "<group>";
		};
/* End PBXGroup section */

/* Begin PBXNativeTarget section */
		FAA028E12490C9D000C25D0F /* Whisper */ = {
			isa = PBXNativeTarget;
			buildConfigurationList = FAA0290C2490C9D200C25D0F /* Build configuration list for PBXNativeTarget "Whisper" */;
			buildPhases = (
				7F832951F4AACD4170A3939B /* [CP] Check Pods Manifest.lock */,
				FAA028DE2490C9D000C25D0F /* Sources */,
				FAA028DF2490C9D000C25D0F /* Frameworks */,
				FAA028E02490C9D000C25D0F /* Resources */,
			);
			buildRules = (
			);
			dependencies = (
			);
			name = Whisper;
			productName = Whisper;
			productReference = FAA028E22490C9D000C25D0F /* Whisper.app */;
			productType = "com.apple.product-type.application";
		};
		FAA028F72490C9D200C25D0F /* WhisperTests */ = {
			isa = PBXNativeTarget;
			buildConfigurationList = FAA0290F2490C9D200C25D0F /* Build configuration list for PBXNativeTarget "WhisperTests" */;
			buildPhases = (
				FAA028F42490C9D200C25D0F /* Sources */,
				FAA028F52490C9D200C25D0F /* Frameworks */,
				FAA028F62490C9D200C25D0F /* Resources */,
			);
			buildRules = (
			);
			dependencies = (
				FAA028FA2490C9D200C25D0F /* PBXTargetDependency */,
			);
			name = WhisperTests;
			productName = WhisperTests;
			productReference = FAA028F82490C9D200C25D0F /* WhisperTests.xctest */;
			productType = "com.apple.product-type.bundle.unit-test";
		};
		FAA029022490C9D200C25D0F /* WhisperUITests */ = {
			isa = PBXNativeTarget;
			buildConfigurationList = FAA029122490C9D200C25D0F /* Build configuration list for PBXNativeTarget "WhisperUITests" */;
			buildPhases = (
				FAA028FF2490C9D200C25D0F /* Sources */,
				FAA029002490C9D200C25D0F /* Frameworks */,
				FAA029012490C9D200C25D0F /* Resources */,
			);
			buildRules = (
			);
			dependencies = (
				FAA029052490C9D200C25D0F /* PBXTargetDependency */,
			);
			name = WhisperUITests;
			productName = WhisperUITests;
			productReference = FAA029032490C9D200C25D0F /* WhisperUITests.xctest */;
			productType = "com.apple.product-type.bundle.ui-testing";
		};
/* End PBXNativeTarget section */

/* Begin PBXProject section */
		FAA028DA2490C9D000C25D0F /* Project object */ = {
			isa = PBXProject;
			attributes = {
				LastSwiftUpdateCheck = 1150;
				LastUpgradeCheck = 1150;
				ORGANIZATIONNAME = WeeStar;
				TargetAttributes = {
					FAA028E12490C9D000C25D0F = {
						CreatedOnToolsVersion = 11.5;
					};
					FAA028F72490C9D200C25D0F = {
						CreatedOnToolsVersion = 11.5;
						TestTargetID = FAA028E12490C9D000C25D0F;
					};
					FAA029022490C9D200C25D0F = {
						CreatedOnToolsVersion = 11.5;
						TestTargetID = FAA028E12490C9D000C25D0F;
					};
				};
			};
			buildConfigurationList = FAA028DD2490C9D000C25D0F /* Build configuration list for PBXProject "Whisper" */;
			compatibilityVersion = "Xcode 9.3";
			developmentRegion = en;
			hasScannedForEncodings = 0;
			knownRegions = (
				en,
				Base,
			);
			mainGroup = FAA028D92490C9D000C25D0F;
			productRefGroup = FAA028E32490C9D000C25D0F /* Products */;
			projectDirPath = "";
			projectRoot = "";
			targets = (
				FAA028E12490C9D000C25D0F /* Whisper */,
				FAA028F72490C9D200C25D0F /* WhisperTests */,
				FAA029022490C9D200C25D0F /* WhisperUITests */,
			);
		};
/* End PBXProject section */

/* Begin PBXResourcesBuildPhase section */
		FAA028E02490C9D000C25D0F /* Resources */ = {
			isa = PBXResourcesBuildPhase;
			buildActionMask = 2147483647;
			files = (
				FAA35BDE249BA15B005C5B7E /* iconfont.ttf in Resources */,
				FAA028F22490C9D200C25D0F /* LaunchScreen.storyboard in Resources */,
				FAA028EF2490C9D200C25D0F /* Preview Assets.xcassets in Resources */,
				FAEC37FF2493571900F88DB4 /* public.xcassets in Resources */,
				FAA028EC2490C9D200C25D0F /* Assets.xcassets in Resources */,
			);
			runOnlyForDeploymentPostprocessing = 0;
		};
		FAA028F62490C9D200C25D0F /* Resources */ = {
			isa = PBXResourcesBuildPhase;
			buildActionMask = 2147483647;
			files = (
			);
			runOnlyForDeploymentPostprocessing = 0;
		};
		FAA029012490C9D200C25D0F /* Resources */ = {
			isa = PBXResourcesBuildPhase;
			buildActionMask = 2147483647;
			files = (
			);
			runOnlyForDeploymentPostprocessing = 0;
		};
/* End PBXResourcesBuildPhase section */

/* Begin PBXShellScriptBuildPhase section */
		7F832951F4AACD4170A3939B /* [CP] Check Pods Manifest.lock */ = {
			isa = PBXShellScriptBuildPhase;
			buildActionMask = 2147483647;
			files = (
			);
			inputFileListPaths = (
			);
			inputPaths = (
				"${PODS_PODFILE_DIR_PATH}/Podfile.lock",
				"${PODS_ROOT}/Manifest.lock",
			);
			name = "[CP] Check Pods Manifest.lock";
			outputFileListPaths = (
			);
			outputPaths = (
				"$(DERIVED_FILE_DIR)/Pods-Whisper-checkManifestLockResult.txt",
			);
			runOnlyForDeploymentPostprocessing = 0;
			shellPath = /bin/sh;
			shellScript = "diff \"${PODS_PODFILE_DIR_PATH}/Podfile.lock\" \"${PODS_ROOT}/Manifest.lock\" > /dev/null\nif [ $? != 0 ] ; then\n    # print error to STDERR\n    echo \"error: The sandbox is not in sync with the Podfile.lock. Run 'pod install' or update your CocoaPods installation.\" >&2\n    exit 1\nfi\n# This output is used by Xcode 'outputs' to avoid re-running this script phase.\necho \"SUCCESS\" > \"${SCRIPT_OUTPUT_FILE_0}\"\n";
			showEnvVarsInLog = 0;
		};
/* End PBXShellScriptBuildPhase section */

/* Begin PBXSourcesBuildPhase section */
		FAA028DE2490C9D000C25D0F /* Sources */ = {
			isa = PBXSourcesBuildPhase;
			buildActionMask = 2147483647;
			files = (
				FAA35BDB249B8765005C5B7E /* IconTextView.swift in Sources */,
				FABAB6D52490E93100A79CD3 /* SheetInfoView.swift in Sources */,
				FAEE2CDE249879250082E1D5 /* WelcomeView.swift in Sources */,
				FAE2AC702499BDD900703ADD /* MyView.swift in Sources */,
				FAA35BB4249B5C7A005C5B7E /* MainTabView.swift in Sources */,
				FA9500BB24975F2F0078A8CB /* SheetBlockView.swift in Sources */,
				FA4DD10724CECCDF00C44D5E /* HttpService.swift in Sources */,
				FA126F0C2492293B00ED7FE6 /* ConfigModel.swift in Sources */,
				FAEE006B2493745400B271C9 /* SheetCover.swift in Sources */,
				FA126F0F24922AAE00ED7FE6 /* CurMusicModel.swift in Sources */,
				FAA028E62490C9D000C25D0F /* AppDelegate.swift in Sources */,
				FAA028E82490C9D000C25D0F /* SceneDelegate.swift in Sources */,
				FA76EC1424C0249500BFE74B /* WhisperPlayerView.swift in Sources */,
				FA9500B924975BD30078A8CB /* MySheets.swift in Sources */,
				FAD1D2FE249CBD59004D4C66 /* BlurView.swift in Sources */,
				FA126F182493166100ED7FE6 /* PathService.swift in Sources */,
				FAE2AC742499C02500703ADD /* SheetBarView.swift in Sources */,
				FAA028EA2490C9D000C25D0F /* RecomView.swift in Sources */,
				FA126F112493014A00ED7FE6 /* Utility.swift in Sources */,
				FABAB6D8249103F600A79CD3 /* MusicModel.swift in Sources */,
				FA91281624D531B1000691E7 /* SheetBannerView.swift in Sources */,
				FAE2AC6E2498E56900703ADD /* WebImageView.swift in Sources */,
				FA126F072492275C00ED7FE6 /* ContextModel.swift in Sources */,
				FA99F49024D824A100FBFE61 /* SheetRecomView.swift in Sources */,
				FAEE0069249362A100B271C9 /* SheetItem.swift in Sources */,
				FABAB6DA24910AC200A79CD3 /* SheetModel.swift in Sources */,
				FA4DD10024CC097600C44D5E /* WhisperPlayer.swift in Sources */,
				FA5A312224D553E500CC7A91 /* RecomService.swift in Sources */,
				FA126F09249227EC00ED7FE6 /* UserModel.swift in Sources */,
				FA126F052492225600ED7FE6 /* ContextService.swift in Sources */,
				FA91281424D410B8000691E7 /* SheetBigView.swift in Sources */,
			);
			runOnlyForDeploymentPostprocessing = 0;
		};
		FAA028F42490C9D200C25D0F /* Sources */ = {
			isa = PBXSourcesBuildPhase;
			buildActionMask = 2147483647;
			files = (
				FAA028FD2490C9D200C25D0F /* WhisperTests.swift in Sources */,
			);
			runOnlyForDeploymentPostprocessing = 0;
		};
		FAA028FF2490C9D200C25D0F /* Sources */ = {
			isa = PBXSourcesBuildPhase;
			buildActionMask = 2147483647;
			files = (
				FAA029082490C9D200C25D0F /* WhisperUITests.swift in Sources */,
			);
			runOnlyForDeploymentPostprocessing = 0;
		};
/* End PBXSourcesBuildPhase section */

/* Begin PBXTargetDependency section */
		FAA028FA2490C9D200C25D0F /* PBXTargetDependency */ = {
			isa = PBXTargetDependency;
			target = FAA028E12490C9D000C25D0F /* Whisper */;
			targetProxy = FAA028F92490C9D200C25D0F /* PBXContainerItemProxy */;
		};
		FAA029052490C9D200C25D0F /* PBXTargetDependency */ = {
			isa = PBXTargetDependency;
			target = FAA028E12490C9D000C25D0F /* Whisper */;
			targetProxy = FAA029042490C9D200C25D0F /* PBXContainerItemProxy */;
		};
/* End PBXTargetDependency section */

/* Begin PBXVariantGroup section */
		FAA028F02490C9D200C25D0F /* LaunchScreen.storyboard */ = {
			isa = PBXVariantGroup;
			children = (
				FAA028F12490C9D200C25D0F /* Base */,
			);
			name = LaunchScreen.storyboard;
			sourceTree = "<group>";
		};
/* End PBXVariantGroup section */

/* Begin XCBuildConfiguration section */
		FAA0290A2490C9D200C25D0F /* Debug */ = {
			isa = XCBuildConfiguration;
			buildSettings = {
				ALWAYS_SEARCH_USER_PATHS = NO;
				CLANG_ANALYZER_NONNULL = YES;
				CLANG_ANALYZER_NUMBER_OBJECT_CONVERSION = YES_AGGRESSIVE;
				CLANG_CXX_LANGUAGE_STANDARD = "gnu++14";
				CLANG_CXX_LIBRARY = "libc++";
				CLANG_ENABLE_MODULES = YES;
				CLANG_ENABLE_OBJC_ARC = YES;
				CLANG_ENABLE_OBJC_WEAK = YES;
				CLANG_WARN_BLOCK_CAPTURE_AUTORELEASING = YES;
				CLANG_WARN_BOOL_CONVERSION = YES;
				CLANG_WARN_COMMA = YES;
				CLANG_WARN_CONSTANT_CONVERSION = YES;
				CLANG_WARN_DEPRECATED_OBJC_IMPLEMENTATIONS = YES;
				CLANG_WARN_DIRECT_OBJC_ISA_USAGE = YES_ERROR;
				CLANG_WARN_DOCUMENTATION_COMMENTS = YES;
				CLANG_WARN_EMPTY_BODY = YES;
				CLANG_WARN_ENUM_CONVERSION = YES;
				CLANG_WARN_INFINITE_RECURSION = YES;
				CLANG_WARN_INT_CONVERSION = YES;
				CLANG_WARN_NON_LITERAL_NULL_CONVERSION = YES;
				CLANG_WARN_OBJC_IMPLICIT_RETAIN_SELF = YES;
				CLANG_WARN_OBJC_LITERAL_CONVERSION = YES;
				CLANG_WARN_OBJC_ROOT_CLASS = YES_ERROR;
				CLANG_WARN_RANGE_LOOP_ANALYSIS = YES;
				CLANG_WARN_STRICT_PROTOTYPES = YES;
				CLANG_WARN_SUSPICIOUS_MOVE = YES;
				CLANG_WARN_UNGUARDED_AVAILABILITY = YES_AGGRESSIVE;
				CLANG_WARN_UNREACHABLE_CODE = YES;
				CLANG_WARN__DUPLICATE_METHOD_MATCH = YES;
				COPY_PHASE_STRIP = NO;
				DEBUG_INFORMATION_FORMAT = dwarf;
				ENABLE_STRICT_OBJC_MSGSEND = YES;
				ENABLE_TESTABILITY = YES;
				GCC_C_LANGUAGE_STANDARD = gnu11;
				GCC_DYNAMIC_NO_PIC = NO;
				GCC_NO_COMMON_BLOCKS = YES;
				GCC_OPTIMIZATION_LEVEL = 0;
				GCC_PREPROCESSOR_DEFINITIONS = (
					"DEBUG=1",
					"$(inherited)",
				);
				GCC_WARN_64_TO_32_BIT_CONVERSION = YES;
				GCC_WARN_ABOUT_RETURN_TYPE = YES_ERROR;
				GCC_WARN_UNDECLARED_SELECTOR = YES;
				GCC_WARN_UNINITIALIZED_AUTOS = YES_AGGRESSIVE;
				GCC_WARN_UNUSED_FUNCTION = YES;
				GCC_WARN_UNUSED_VARIABLE = YES;
				IPHONEOS_DEPLOYMENT_TARGET = 13.5;
				MTL_ENABLE_DEBUG_INFO = INCLUDE_SOURCE;
				MTL_FAST_MATH = YES;
				ONLY_ACTIVE_ARCH = YES;
				SDKROOT = iphoneos;
				SWIFT_ACTIVE_COMPILATION_CONDITIONS = DEBUG;
				SWIFT_OPTIMIZATION_LEVEL = "-Onone";
			};
			name = Debug;
		};
		FAA0290B2490C9D200C25D0F /* Release */ = {
			isa = XCBuildConfiguration;
			buildSettings = {
				ALWAYS_SEARCH_USER_PATHS = NO;
				CLANG_ANALYZER_NONNULL = YES;
				CLANG_ANALYZER_NUMBER_OBJECT_CONVERSION = YES_AGGRESSIVE;
				CLANG_CXX_LANGUAGE_STANDARD = "gnu++14";
				CLANG_CXX_LIBRARY = "libc++";
				CLANG_ENABLE_MODULES = YES;
				CLANG_ENABLE_OBJC_ARC = YES;
				CLANG_ENABLE_OBJC_WEAK = YES;
				CLANG_WARN_BLOCK_CAPTURE_AUTORELEASING = YES;
				CLANG_WARN_BOOL_CONVERSION = YES;
				CLANG_WARN_COMMA = YES;
				CLANG_WARN_CONSTANT_CONVERSION = YES;
				CLANG_WARN_DEPRECATED_OBJC_IMPLEMENTATIONS = YES;
				CLANG_WARN_DIRECT_OBJC_ISA_USAGE = YES_ERROR;
				CLANG_WARN_DOCUMENTATION_COMMENTS = YES;
				CLANG_WARN_EMPTY_BODY = YES;
				CLANG_WARN_ENUM_CONVERSION = YES;
				CLANG_WARN_INFINITE_RECURSION = YES;
				CLANG_WARN_INT_CONVERSION = YES;
				CLANG_WARN_NON_LITERAL_NULL_CONVERSION = YES;
				CLANG_WARN_OBJC_IMPLICIT_RETAIN_SELF = YES;
				CLANG_WARN_OBJC_LITERAL_CONVERSION = YES;
				CLANG_WARN_OBJC_ROOT_CLASS = YES_ERROR;
				CLANG_WARN_RANGE_LOOP_ANALYSIS = YES;
				CLANG_WARN_STRICT_PROTOTYPES = YES;
				CLANG_WARN_SUSPICIOUS_MOVE = YES;
				CLANG_WARN_UNGUARDED_AVAILABILITY = YES_AGGRESSIVE;
				CLANG_WARN_UNREACHABLE_CODE = YES;
				CLANG_WARN__DUPLICATE_METHOD_MATCH = YES;
				COPY_PHASE_STRIP = NO;
				DEBUG_INFORMATION_FORMAT = "dwarf-with-dsym";
				ENABLE_NS_ASSERTIONS = NO;
				ENABLE_STRICT_OBJC_MSGSEND = YES;
				GCC_C_LANGUAGE_STANDARD = gnu11;
				GCC_NO_COMMON_BLOCKS = YES;
				GCC_WARN_64_TO_32_BIT_CONVERSION = YES;
				GCC_WARN_ABOUT_RETURN_TYPE = YES_ERROR;
				GCC_WARN_UNDECLARED_SELECTOR = YES;
				GCC_WARN_UNINITIALIZED_AUTOS = YES_AGGRESSIVE;
				GCC_WARN_UNUSED_FUNCTION = YES;
				GCC_WARN_UNUSED_VARIABLE = YES;
				IPHONEOS_DEPLOYMENT_TARGET = 13.5;
				MTL_ENABLE_DEBUG_INFO = NO;
				MTL_FAST_MATH = YES;
				SDKROOT = iphoneos;
				SWIFT_COMPILATION_MODE = wholemodule;
				SWIFT_OPTIMIZATION_LEVEL = "-O";
				VALIDATE_PRODUCT = YES;
			};
			name = Release;
		};
		FAA0290D2490C9D200C25D0F /* Debug */ = {
			isa = XCBuildConfiguration;
			baseConfigurationReference = A933C793A0F5538945B90B4C /* Pods-Whisper.debug.xcconfig */;
			buildSettings = {
				ASSETCATALOG_COMPILER_APPICON_NAME = AppIcon;
				CODE_SIGN_STYLE = Automatic;
				DEVELOPMENT_ASSET_PATHS = "\"Whisper/Preview Content\"";
				DEVELOPMENT_TEAM = Z6DG6SPQT5;
				ENABLE_PREVIEWS = YES;
				INFOPLIST_FILE = Whisper/Info.plist;
				LD_RUNPATH_SEARCH_PATHS = (
					"$(inherited)",
					"@executable_path/Frameworks",
				);
				PRODUCT_BUNDLE_IDENTIFIER = WeeStar.com.Whisper;
				PRODUCT_NAME = "$(TARGET_NAME)";
				SWIFT_VERSION = 5.0;
				TARGETED_DEVICE_FAMILY = "1,2";
			};
			name = Debug;
		};
		FAA0290E2490C9D200C25D0F /* Release */ = {
			isa = XCBuildConfiguration;
			baseConfigurationReference = 6D7369DE4DAB711B177E34CE /* Pods-Whisper.release.xcconfig */;
			buildSettings = {
				ASSETCATALOG_COMPILER_APPICON_NAME = AppIcon;
				CODE_SIGN_STYLE = Automatic;
				DEVELOPMENT_ASSET_PATHS = "\"Whisper/Preview Content\"";
				DEVELOPMENT_TEAM = Z6DG6SPQT5;
				ENABLE_PREVIEWS = YES;
				INFOPLIST_FILE = Whisper/Info.plist;
				LD_RUNPATH_SEARCH_PATHS = (
					"$(inherited)",
					"@executable_path/Frameworks",
				);
				PRODUCT_BUNDLE_IDENTIFIER = WeeStar.com.Whisper;
				PRODUCT_NAME = "$(TARGET_NAME)";
				SWIFT_VERSION = 5.0;
				TARGETED_DEVICE_FAMILY = "1,2";
			};
			name = Release;
		};
		FAA029102490C9D200C25D0F /* Debug */ = {
			isa = XCBuildConfiguration;
			buildSettings = {
				ALWAYS_EMBED_SWIFT_STANDARD_LIBRARIES = YES;
				BUNDLE_LOADER = "$(TEST_HOST)";
				CODE_SIGN_STYLE = Automatic;
				DEVELOPMENT_TEAM = Z6DG6SPQT5;
				INFOPLIST_FILE = WhisperTests/Info.plist;
				IPHONEOS_DEPLOYMENT_TARGET = 13.5;
				LD_RUNPATH_SEARCH_PATHS = (
					"$(inherited)",
					"@executable_path/Frameworks",
					"@loader_path/Frameworks",
				);
				PRODUCT_BUNDLE_IDENTIFIER = WeeStar.com.WhisperTests;
				PRODUCT_NAME = "$(TARGET_NAME)";
				SWIFT_VERSION = 5.0;
				TARGETED_DEVICE_FAMILY = "1,2";
				TEST_HOST = "$(BUILT_PRODUCTS_DIR)/Whisper.app/Whisper";
			};
			name = Debug;
		};
		FAA029112490C9D200C25D0F /* Release */ = {
			isa = XCBuildConfiguration;
			buildSettings = {
				ALWAYS_EMBED_SWIFT_STANDARD_LIBRARIES = YES;
				BUNDLE_LOADER = "$(TEST_HOST)";
				CODE_SIGN_STYLE = Automatic;
				DEVELOPMENT_TEAM = Z6DG6SPQT5;
				INFOPLIST_FILE = WhisperTests/Info.plist;
				IPHONEOS_DEPLOYMENT_TARGET = 13.5;
				LD_RUNPATH_SEARCH_PATHS = (
					"$(inherited)",
					"@executable_path/Frameworks",
					"@loader_path/Frameworks",
				);
				PRODUCT_BUNDLE_IDENTIFIER = WeeStar.com.WhisperTests;
				PRODUCT_NAME = "$(TARGET_NAME)";
				SWIFT_VERSION = 5.0;
				TARGETED_DEVICE_FAMILY = "1,2";
				TEST_HOST = "$(BUILT_PRODUCTS_DIR)/Whisper.app/Whisper";
			};
			name = Release;
		};
		FAA029132490C9D200C25D0F /* Debug */ = {
			isa = XCBuildConfiguration;
			buildSettings = {
				ALWAYS_EMBED_SWIFT_STANDARD_LIBRARIES = YES;
				CODE_SIGN_STYLE = Automatic;
				DEVELOPMENT_TEAM = Z6DG6SPQT5;
				INFOPLIST_FILE = WhisperUITests/Info.plist;
				LD_RUNPATH_SEARCH_PATHS = (
					"$(inherited)",
					"@executable_path/Frameworks",
					"@loader_path/Frameworks",
				);
				PRODUCT_BUNDLE_IDENTIFIER = WeeStar.com.WhisperUITests;
				PRODUCT_NAME = "$(TARGET_NAME)";
				SWIFT_VERSION = 5.0;
				TARGETED_DEVICE_FAMILY = "1,2";
				TEST_TARGET_NAME = Whisper;
			};
			name = Debug;
		};
		FAA029142490C9D200C25D0F /* Release */ = {
			isa = XCBuildConfiguration;
			buildSettings = {
				ALWAYS_EMBED_SWIFT_STANDARD_LIBRARIES = YES;
				CODE_SIGN_STYLE = Automatic;
				DEVELOPMENT_TEAM = Z6DG6SPQT5;
				INFOPLIST_FILE = WhisperUITests/Info.plist;
				LD_RUNPATH_SEARCH_PATHS = (
					"$(inherited)",
					"@executable_path/Frameworks",
					"@loader_path/Frameworks",
				);
				PRODUCT_BUNDLE_IDENTIFIER = WeeStar.com.WhisperUITests;
				PRODUCT_NAME = "$(TARGET_NAME)";
				SWIFT_VERSION = 5.0;
				TARGETED_DEVICE_FAMILY = "1,2";
				TEST_TARGET_NAME = Whisper;
			};
			name = Release;
		};
/* End XCBuildConfiguration section */

/* Begin XCConfigurationList section */
		FAA028DD2490C9D000C25D0F /* Build configuration list for PBXProject "Whisper" */ = {
			isa = XCConfigurationList;
			buildConfigurations = (
				FAA0290A2490C9D200C25D0F /* Debug */,
				FAA0290B2490C9D200C25D0F /* Release */,
			);
			defaultConfigurationIsVisible = 0;
			defaultConfigurationName = Release;
		};
		FAA0290C2490C9D200C25D0F /* Build configuration list for PBXNativeTarget "Whisper" */ = {
			isa = XCConfigurationList;
			buildConfigurations = (
				FAA0290D2490C9D200C25D0F /* Debug */,
				FAA0290E2490C9D200C25D0F /* Release */,
			);
			defaultConfigurationIsVisible = 0;
			defaultConfigurationName = Release;
		};
		FAA0290F2490C9D200C25D0F /* Build configuration list for PBXNativeTarget "WhisperTests" */ = {
			isa = XCConfigurationList;
			buildConfigurations = (
				FAA029102490C9D200C25D0F /* Debug */,
				FAA029112490C9D200C25D0F /* Release */,
			);
			defaultConfigurationIsVisible = 0;
			defaultConfigurationName = Release;
		};
		FAA029122490C9D200C25D0F /* Build configuration list for PBXNativeTarget "WhisperUITests" */ = {
			isa = XCConfigurationList;
			buildConfigurations = (
				FAA029132490C9D200C25D0F /* Debug */,
				FAA029142490C9D200C25D0F /* Release */,
			);
			defaultConfigurationIsVisible = 0;
			defaultConfigurationName = Release;
		};
/* End XCConfigurationList section */
	};
	rootObject = FAA028DA2490C9D000C25D0F /* Project object */;
}
